// !$*UTF8*$!
{
	archiveVersion = 1;
	classes = {
	};
	objectVersion = 46;
	objects = {

/* Begin PBXBuildFile section */
		F69DED8F1B84E67B00E59C37 /* main.m in Sources */ = {isa = PBXBuildFile; fileRef = F69DED8E1B84E67B00E59C37 /* main.m */; };
		F69DED9A1B84E67B00E59C37 /* Images.xcassets in Resources */ = {isa = PBXBuildFile; fileRef = F69DED991B84E67B00E59C37 /* Images.xcassets */; };
		F69DED9D1B84E67B00E59C37 /* LaunchScreen.xib in Resources */ = {isa = PBXBuildFile; fileRef = F69DED9B1B84E67B00E59C37 /* LaunchScreen.xib */; };
		F69DEDA91B84E67B00E59C37 /* _____viewTests.m in Sources */ = {isa = PBXBuildFile; fileRef = F69DEDA81B84E67B00E59C37 /* _____viewTests.m */; };
		F69DEDB41B84E6FF00E59C37 /* XGView.m in Sources */ = {isa = PBXBuildFile; fileRef = F69DEDB31B84E6FF00E59C37 /* XGView.m */; };
		F69DEDB61B84E96B00E59C37 /* beautiful.png in Resources */ = {isa = PBXBuildFile; fileRef = F69DEDB51B84E96B00E59C37 /* beautiful.png */; };
/* End PBXBuildFile section */

/* Begin PBXContainerItemProxy section */
		F69DEDA31B84E67B00E59C37 /* PBXContainerItemProxy */ = {
			isa = PBXContainerItemProxy;
			containerPortal = F69DED811B84E67B00E59C37 /* Project object */;
			proxyType = 1;
			remoteGlobalIDString = F69DED881B84E67B00E59C37;
			remoteInfo = "一个漂亮的view";
		};
/* End PBXContainerItemProxy section */

/* Begin PBXFileReference section */
		F69DED891B84E67B00E59C37 /* 一个漂亮的view.app */ = {isa = PBXFileReference; explicitFileType = wrapper.application; includeInIndex = 0; path = "一个漂亮的view.app"; sourceTree = BUILT_PRODUCTS_DIR; };
		F69DED8D1B84E67B00E59C37 /* Info.plist */ = {isa = PBXFileReference; lastKnownFileType = text.plist.xml; path = Info.plist; sourceTree = "<group>"; };
		F69DED8E1B84E67B00E59C37 /* main.m */ = {isa = PBXFileReference; lastKnownFileType = sourcecode.c.objc; path = main.m; sourceTree = "<group>"; };
		F69DED901B84E67B00E59C37 /* AppDelegate.h */ = {isa = PBXFileReference; lastKnownFileType = sourcecode.c.h; path = AppDelegate.h; sourceTree = "<group>"; };
		F69DED991B84E67B00E59C37 /* Images.xcassets */ = {isa = PBXFileReference; lastKnownFileType = folder.assetcatalog; path = Images.xcassets; sourceTree = "<group>"; };
		F69DED9C1B84E67B00E59C37 /* Base */ = {isa = PBXFileReference; lastKnownFileType = file.xib; name = Base; path = Base.lproj/LaunchScreen.xib; sourceTree = "<group>"; };
		F69DEDA21B84E67B00E59C37 /* 一个漂亮的viewTests.xctest */ = {isa = PBXFileReference; explicitFileType = wrapper.cfbundle; includeInIndex = 0; path = "一个漂亮的viewTests.xctest"; sourceTree = BUILT_PRODUCTS_DIR; };
		F69DEDA71B84E67B00E59C37 /* Info.plist */ = {isa = PBXFileReference; lastKnownFileType = text.plist.xml; path = Info.plist; sourceTree = "<group>"; };
		F69DEDA81B84E67B00E59C37 /* _____viewTests.m */ = {isa = PBXFileReference; lastKnownFileType = sourcecode.c.objc; path = "_____viewTests.m"; sourceTree = "<group>"; };
		F69DEDB21B84E6FF00E59C37 /* XGView.h */ = {isa = PBXFileReference; fileEncoding = 4; lastKnownFileType = sourcecode.c.h; path = XGView.h; sourceTree = "<group>"; };
		F69DEDB31B84E6FF00E59C37 /* XGView.m */ = {isa = PBXFileReference; fileEncoding = 4; lastKnownFileType = sourcecode.c.objc; path = XGView.m; sourceTree = "<group>"; };
		F69DEDB51B84E96B00E59C37 /* beautiful.png */ = {isa = PBXFileReference; lastKnownFileType = image.png; path = beautiful.png; sourceTree = "<group>"; };
/* End PBXFileReference section */

/* Begin PBXFrameworksBuildPhase section */
		F69DED861B84E67B00E59C37 /* Frameworks */ = {
			isa = PBXFrameworksBuildPhase;
			buildActionMask = 2147483647;
			files = (
			);
			runOnlyForDeploymentPostprocessing = 0;
		};
		F69DED9F1B84E67B00E59C37 /* Frameworks */ = {
			isa = PBXFrameworksBuildPhase;
			buildActionMask = 2147483647;
			files = (
			);
			runOnlyForDeploymentPostprocessing = 0;
		};
/* End PBXFrameworksBuildPhase section */

/* Begin PBXGroup section */
		F69DED801B84E67B00E59C37 = {
			isa = PBXGroup;
			children = (
				F69DED8B1B84E67B00E59C37 /* 一个漂亮的view */,
				F69DEDA51B84E67B00E59C37 /* 一个漂亮的viewTests */,
				F69DED8A1B84E67B00E59C37 /* Products */,
			);
			sourceTree = "<group>";
		};
		F69DED8A1B84E67B00E59C37 /* Products */ = {
			isa = PBXGroup;
			children = (
				F69DED891B84E67B00E59C37 /* 一个漂亮的view.app */,
				F69DEDA21B84E67B00E59C37 /* 一个漂亮的viewTests.xctest */,
			);
			name = Products;
			sourceTree = "<group>";
		};
		F69DED8B1B84E67B00E59C37 /* 一个漂亮的view */ = {
			isa = PBXGroup;
			children = (
				F69DED901B84E67B00E59C37 /* AppDelegate.h */,
				F69DEDB21B84E6FF00E59C37 /* XGView.h */,
				F69DEDB31B84E6FF00E59C37 /* XGView.m */,
				F69DEDB51B84E96B00E59C37 /* beautiful.png */,
				F69DED991B84E67B00E59C37 /* Images.xcassets */,
				F69DED9B1B84E67B00E59C37 /* LaunchScreen.xib */,
				F69DED8C1B84E67B00E59C37 /* Supporting Files */,
			);
			path = "一个漂亮的view";
			sourceTree = "<group>";
		};
		F69DED8C1B84E67B00E59C37 /* Supporting Files */ = {
			isa = PBXGroup;
			children = (
				F69DED8D1B84E67B00E59C37 /* Info.plist */,
				F69DED8E1B84E67B00E59C37 /* main.m */,
			);
			name = "Supporting Files";
			sourceTree = "<group>";
		};
		F69DEDA51B84E67B00E59C37 /* 一个漂亮的viewTests */ = {
			isa = PBXGroup;
			children = (
				F69DEDA81B84E67B00E59C37 /* _____viewTests.m */,
				F69DEDA61B84E67B00E59C37 /* Supporting Files */,
			);
			path = "一个漂亮的viewTests";
			sourceTree = "<group>";
		};
		F69DEDA61B84E67B00E59C37 /* Supporting Files */ = {
			isa = PBXGroup;
			children = (
				F69DEDA71B84E67B00E59C37 /* Info.plist */,
			);
			name = "Supporting Files";
			sourceTree = "<group>";
		};
/* End PBXGroup section */

/* Begin PBXNativeTarget section */
		F69DED881B84E67B00E59C37 /* 一个漂亮的view */ = {
			isa = PBXNativeTarget;
			buildConfigurationList = F69DEDAC1B84E67B00E59C37 /* Build configuration list for PBXNativeTarget "一个漂亮的view" */;
			buildPhases = (
				F69DED851B84E67B00E59C37 /* Sources */,
				F69DED861B84E67B00E59C37 /* Frameworks */,
				F69DED871B84E67B00E59C37 /* Resources */,
			);
			buildRules = (
			);
			dependencies = (
			);
			name = "一个漂亮的view";
			productName = "一个漂亮的view";
			productReference = F69DED891B84E67B00E59C37 /* 一个漂亮的view.app */;
			productType = "com.apple.product-type.application";
		};
		F69DEDA11B84E67B00E59C37 /* 一个漂亮的viewTests */ = {
			isa = PBXNativeTarget;
			buildConfigurationList = F69DEDAF1B84E67B00E59C37 /* Build configuration list for PBXNativeTarget "一个漂亮的viewTests" */;
			buildPhases = (
				F69DED9E1B84E67B00E59C37 /* Sources */,
				F69DED9F1B84E67B00E59C37 /* Frameworks */,
				F69DEDA01B84E67B00E59C37 /* Resources */,
			);
			buildRules = (
			);
			dependencies = (
				F69DEDA41B84E67B00E59C37 /* PBXTargetDependency */,
			);
			name = "一个漂亮的viewTests";
			productName = "一个漂亮的viewTests";
			productReference = F69DEDA21B84E67B00E59C37 /* 一个漂亮的viewTests.xctest */;
			productType = "com.apple.product-type.bundle.unit-test";
		};
/* End PBXNativeTarget section */

/* Begin PBXProject section */
		F69DED811B84E67B00E59C37 /* Project object */ = {
			isa = PBXProject;
			attributes = {
				LastUpgradeCheck = 0610;
				ORGANIZATIONNAME = zxg;
				TargetAttributes = {
					F69DED881B84E67B00E59C37 = {
						CreatedOnToolsVersion = 6.1;
					};
					F69DEDA11B84E67B00E59C37 = {
						CreatedOnToolsVersion = 6.1;
						TestTargetID = F69DED881B84E67B00E59C37;
					};
				};
			};
			buildConfigurationList = F69DED841B84E67B00E59C37 /* Build configuration list for PBXProject "一个漂亮的view" */;
			compatibilityVersion = "Xcode 3.2";
			developmentRegion = English;
			hasScannedForEncodings = 0;
			knownRegions = (
				en,
				Base,
			);
			mainGroup = F69DED801B84E67B00E59C37;
			productRefGroup = F69DED8A1B84E67B00E59C37 /* Products */;
			projectDirPath = "";
			projectRoot = "";
			targets = (
				F69DED881B84E67B00E59C37 /* 一个漂亮的view */,
				F69DEDA11B84E67B00E59C37 /* 一个漂亮的viewTests */,
			);
		};
/* End PBXProject section */

/* Begin PBXResourcesBuildPhase section */
		F69DED871B84E67B00E59C37 /* Resources */ = {
			isa = PBXResourcesBuildPhase;
			buildActionMask = 2147483647;
			files = (
				F69DEDB61B84E96B00E59C37 /* beautiful.png in Resources */,
				F69DED9D1B84E67B00E59C37 /* LaunchScreen.xib in Resources */,
				F69DED9A1B84E67B00E59C37 /* Images.xcassets in Resources */,
			);
			runOnlyForDeploymentPostprocessing = 0;
		};
		F69DEDA01B84E67B00E59C37 /* Resources */ = {
			isa = PBXResourcesBuildPhase;
			buildActionMask = 2147483647;
			files = (
			);
			runOnlyForDeploymentPostprocessing = 0;
		};
/* End PBXResourcesBuildPhase section */

/* Begin PBXSourcesBuildPhase section */
		F69DED851B84E67B00E59C37 /* Sources */ = {
			isa = PBXSourcesBuildPhase;
			buildActionMask = 2147483647;
			files = (
				F69DEDB41B84E6FF00E59C37 /* XGView.m in Sources */,
				F69DED8F1B84E67B00E59C37 /* main.m in Sources */,
			);
			runOnlyForDeploymentPostprocessing = 0;
		};
		F69DED9E1B84E67B00E59C37 /* Sources */ = {
			isa = PBXSourcesBuildPhase;
			buildActionMask = 2147483647;
			files = (
				F69DEDA91B84E67B00E59C37 /* _____viewTests.m in Sources */,
			);
			runOnlyForDeploymentPostprocessing = 0;
		};
/* End PBXSourcesBuildPhase section */

/* Begin PBXTargetDependency section */
		F69DEDA41B84E67B00E59C37 /* PBXTargetDependency */ = {
			isa = PBXTargetDependency;
			target = F69DED881B84E67B00E59C37 /* 一个漂亮的view */;
			targetProxy = F69DEDA31B84E67B00E59C37 /* PBXContainerItemProxy */;
		};
/* End PBXTargetDependency section */

/* Begin PBXVariantGroup section */
		F69DED9B1B84E67B00E59C37 /* LaunchScreen.xib */ = {
			isa = PBXVariantGroup;
			children = (
				F69DED9C1B84E67B00E59C37 /* Base */,
			);
			name = LaunchScreen.xib;
			sourceTree = "<group>";
		};
/* End PBXVariantGroup section */

/* Begin XCBuildConfiguration section */
		F69DEDAA1B84E67B00E59C37 /* Debug */ = {
			isa = XCBuildConfiguration;
			buildSettings = {
				ALWAYS_SEARCH_USER_PATHS = NO;
				CLANG_CXX_LANGUAGE_STANDARD = "gnu++0x";
				CLANG_CXX_LIBRARY = "libc++";
				CLANG_ENABLE_MODULES = YES;
				CLANG_ENABLE_OBJC_ARC = YES;
				CLANG_WARN_BOOL_CONVERSION = YES;
				CLANG_WARN_CONSTANT_CONVERSION = YES;
				CLANG_WARN_DIRECT_OBJC_ISA_USAGE = YES_ERROR;
				CLANG_WARN_EMPTY_BODY = YES;
				CLANG_WARN_ENUM_CONVERSION = YES;
				CLANG_WARN_INT_CONVERSION = YES;
				CLANG_WARN_OBJC_ROOT_CLASS = YES_ERROR;
				CLANG_WARN_UNREACHABLE_CODE = YES;
				CLANG_WARN__DUPLICATE_METHOD_MATCH = YES;
				"CODE_SIGN_IDENTITY[sdk=iphoneos*]" = "iPhone Developer";
				COPY_PHASE_STRIP = NO;
				ENABLE_STRICT_OBJC_MSGSEND = YES;
				GCC_C_LANGUAGE_STANDARD = gnu99;
				GCC_DYNAMIC_NO_PIC = NO;
				GCC_OPTIMIZATION_LEVEL = 0;
				GCC_PREPROCESSOR_DEFINITIONS = (
					"DEBUG=1",
					"$(inherited)",
				);
				GCC_SYMBOLS_PRIVATE_EXTERN = NO;
				GCC_WARN_64_TO_32_BIT_CONVERSION = YES;
				GCC_WARN_ABOUT_RETURN_TYPE = YES_ERROR;
				GCC_WARN_UNDECLARED_SELECTOR = YES;
				GCC_WARN_UNINITIALIZED_AUTOS = YES_AGGRESSIVE;
				GCC_WARN_UNUSED_FUNCTION = YES;
				GCC_WARN_UNUSED_VARIABLE = YES;
				IPHONEOS_DEPLOYMENT_TARGET = 8.1;
				MTL_ENABLE_DEBUG_INFO = YES;
				ONLY_ACTIVE_ARCH = YES;
				SDKROOT = iphoneos;
			};
			name = Debug;
		};
		F69DEDAB1B84E67B00E59C37 /* Release */ = {
			isa = XCBuildConfiguration;
			buildSettings = {
				ALWAYS_SEARCH_USER_PATHS = NO;
				CLANG_CXX_LANGUAGE_STANDARD = "gnu++0x";
				CLANG_CXX_LIBRARY = "libc++";
				CLANG_ENABLE_MODULES = YES;
				CLANG_ENABLE_OBJC_ARC = YES;
				CLANG_WARN_BOOL_CONVERSION = YES;
				CLANG_WARN_CONSTANT_CONVERSION = YES;
				CLANG_WARN_DIRECT_OBJC_ISA_USAGE = YES_ERROR;
				CLANG_WARN_EMPTY_BODY = YES;
				CLANG_WARN_ENUM_CONVERSION = YES;
				CLANG_WARN_INT_CONVERSION = YES;
				CLANG_WARN_OBJC_ROOT_CLASS = YES_ERROR;
				CLANG_WARN_UNREACHABLE_CODE = YES;
				CLANG_WARN__DUPLICATE_METHOD_MATCH = YES;
				"CODE_SIGN_IDENTITY[sdk=iphoneos*]" = "iPhone Developer";
				COPY_PHASE_STRIP = YES;
				ENABLE_NS_ASSERTIONS = NO;
				ENABLE_STRICT_OBJC_MSGSEND = YES;
				GCC_C_LANGUAGE_STANDARD = gnu99;
				GCC_WARN_64_TO_32_BIT_CONVERSION = YES;
				GCC_WARN_ABOUT_RETURN_TYPE = YES_ERROR;
				GCC_WARN_UNDECLARED_SELECTOR = YES;
				GCC_WARN_UNINITIALIZED_AUTOS = YES_AGGRESSIVE;
				GCC_WARN_UNUSED_FUNCTION = YES;
				GCC_WARN_UNUSED_VARIABLE = YES;
				IPHONEOS_DEPLOYMENT_TARGET = 8.1;
				MTL_ENABLE_DEBUG_INFO = NO;
				SDKROOT = iphoneos;
				VALIDATE_PRODUCT = YES;
			};
			name = Release;
		};
		F69DEDAD1B84E67B00E59C37 /* Debug */ = {
			isa = XCBuildConfiguration;
			buildSettings = {
				ASSETCATALOG_COMPILER_APPICON_NAME = AppIcon;
				INFOPLIST_FILE = "一个漂亮的view/Info.plist";
				LD_RUNPATH_SEARCH_PATHS = "$(inherited) @executable_path/Frameworks";
				PRODUCT_NAME = "$(TARGET_NAME)";
			};
			name = Debug;
		};
		F69DEDAE1B84E67B00E59C37 /* Release */ = {
			isa = XCBuildConfiguration;
			buildSettings = {
				ASSETCATALOG_COMPILER_APPICON_NAME = AppIcon;
				INFOPLIST_FILE = "一个漂亮的view/Info.plist";
				LD_RUNPATH_SEARCH_PATHS = "$(inherited) @executable_path/Frameworks";
				PRODUCT_NAME = "$(TARGET_NAME)";
			};
			name = Release;
		};
		F69DEDB01B84E67B00E59C37 /* Debug */ = {
			isa = XCBuildConfiguration;
			buildSettings = {
				BUNDLE_LOADER = "$(TEST_HOST)";
				FRAMEWORK_SEARCH_PATHS = (
					"$(SDKROOT)/Developer/Library/Frameworks",
					"$(inherited)",
				);
				GCC_PREPROCESSOR_DEFINITIONS = (
					"DEBUG=1",
					"$(inherited)",
				);
				INFOPLIST_FILE = "一个漂亮的viewTests/Info.plist";
				LD_RUNPATH_SEARCH_PATHS = "$(inherited) @executable_path/Frameworks @loader_path/Frameworks";
				PRODUCT_NAME = "$(TARGET_NAME)";
				TEST_HOST = "$(BUILT_PRODUCTS_DIR)/一个漂亮的view.app/一个漂亮的view";
			};
			name = Debug;
		};
		F69DEDB11B84E67B00E59C37 /* Release */ = {
			isa = XCBuildConfiguration;
			buildSettings = {
				BUNDLE_LOADER = "$(TEST_HOST)";
				FRAMEWORK_SEARCH_PATHS = (
					"$(SDKROOT)/Developer/Library/Frameworks",
					"$(inherited)",
				);
				INFOPLIST_FILE = "一个漂亮的viewTests/Info.plist";
				LD_RUNPATH_SEARCH_PATHS = "$(inherited) @executable_path/Frameworks @loader_path/Frameworks";
				PRODUCT_NAME = "$(TARGET_NAME)";
				TEST_HOST = "$(BUILT_PRODUCTS_DIR)/一个漂亮的view.app/一个漂亮的view";
			};
			name = Release;
		};
/* End XCBuildConfiguration section */

/* Begin XCConfigurationList section */
		F69DED841B84E67B00E59C37 /* Build configuration list for PBXProject "一个漂亮的view" */ = {
			isa = XCConfigurationList;
			buildConfigurations = (
				F69DEDAA1B84E67B00E59C37 /* Debug */,
				F69DEDAB1B84E67B00E59C37 /* Release */,
			);
			defaultConfigurationIsVisible = 0;
			defaultConfigurationName = Release;
		};
		F69DEDAC1B84E67B00E59C37 /* Build configuration list for PBXNativeTarget "一个漂亮的view" */ = {
			isa = XCConfigurationList;
			buildConfigurations = (
				F69DEDAD1B84E67B00E59C37 /* Debug */,
				F69DEDAE1B84E67B00E59C37 /* Release */,
			);
			defaultConfigurationIsVisible = 0;
			defaultConfigurationName = Release;
		};
		F69DEDAF1B84E67B00E59C37 /* Build configuration list for PBXNativeTarget "一个漂亮的viewTests" */ = {
			isa = XCConfigurationList;
			buildConfigurations = (
				F69DEDB01B84E67B00E59C37 /* Debug */,
				F69DEDB11B84E67B00E59C37 /* Release */,
			);
			defaultConfigurationIsVisible = 0;
			defaultConfigurationName = Release;
		};
/* End XCConfigurationList section */
	};
	rootObject = F69DED811B84E67B00E59C37 /* Project object */;
}
